
Microsoft Visual Studio Solution File, Format Version 12.00
# Visual Studio Version 16
VisualStudioVersion = 16.0.29424.173
MinimumVisualStudioVersion = 10.0.40219.1
Project("{FAE04EC0-301F-11D3-BF4B-00C04F79EFBC}") = "Exp", "Exp\Exp.csproj", "{6C734E20-58A4-4AC6-8493-38943EE1FC69}"
EndProject
Global
	GlobalSection(SolutionConfigurationPlatforms) = preSolution
		Debug|Any CPU = Debug|Any CPU
		Release|Any CPU = Release|Any CPU
	EndGlobalSection
	GlobalSection(ProjectConfigurationPlatforms) = postSolution
		{6C734E20-58A4-4AC6-8493-38943EE1FC69}.Debug|Any CPU.ActiveCfg = Debug|Any CPU
		{6C734E20-58A4-4AC6-8493-38943EE1FC69}.Debug|Any CPU.Build.0 = Debug|Any CPU
		{6C734E20-58A4-4AC6-8493-38943EE1FC69}.Release|Any CPU.ActiveCfg = Release|Any CPU
		{6C734E20-58A4-4AC6-8493-38943EE1FC69}.Release|Any CPU.Build.0 = Release|Any CPU
	EndGlobalSection
	GlobalSection(SolutionProperties) = preSolution
		HideSolutionNode = FALSE
	EndGlobalSection
	GlobalSection(ExtensibilityGlobals) = postSolution
		SolutionGuid = {6F5339FE-D526-4EF6-A168-11A36A0DCFFA}
	EndGlobalSection
EndGlobal
